// !$*UTF8*$!
{
	archiveVersion = 1;
	classes = {
	};
	objectVersion = 55;
	objects = {

/* Begin PBXBuildFile section */
		63FE56BE2780EFC90059A4BE /* Arkham_HorrorApp.swift in Sources */ = {isa = PBXBuildFile; fileRef = 63FE56962780EFC70059A4BE /* Arkham_HorrorApp.swift */; };
		63FE56BF2780EFC90059A4BE /* Arkham_HorrorApp.swift in Sources */ = {isa = PBXBuildFile; fileRef = 63FE56962780EFC70059A4BE /* Arkham_HorrorApp.swift */; };
		63FE56C22780EFC90059A4BE /* Assets.xcassets in Resources */ = {isa = PBXBuildFile; fileRef = 63FE56982780EFC90059A4BE /* Assets.xcassets */; };
		63FE56C32780EFC90059A4BE /* Assets.xcassets in Resources */ = {isa = PBXBuildFile; fileRef = 63FE56982780EFC90059A4BE /* Assets.xcassets */; };
/* End PBXBuildFile section */

/* Begin PBXContainerItemProxy section */
		63FE56AB2780EFC90059A4BE /* PBXContainerItemProxy */ = {
			isa = PBXContainerItemProxy;
			containerPortal = 63FE56912780EFC70059A4BE /* Project object */;
			proxyType = 1;
			remoteGlobalIDString = 63FE569C2780EFC90059A4BE;
			remoteInfo = "Arkham Horror (iOS)";
		};
		63FE56B72780EFC90059A4BE /* PBXContainerItemProxy */ = {
			isa = PBXContainerItemProxy;
			containerPortal = 63FE56912780EFC70059A4BE /* Project object */;
			proxyType = 1;
			remoteGlobalIDString = 63FE56A22780EFC90059A4BE;
			remoteInfo = "Arkham Horror (macOS)";
		};
/* End PBXContainerItemProxy section */

/* Begin PBXFileReference section */
		63FE56962780EFC70059A4BE /* Arkham_HorrorApp.swift */ = {isa = PBXFileReference; lastKnownFileType = sourcecode.swift; path = Arkham_HorrorApp.swift; sourceTree = "<group>"; };
		63FE56982780EFC90059A4BE /* Assets.xcassets */ = {isa = PBXFileReference; lastKnownFileType = folder.assetcatalog; path = Assets.xcassets; sourceTree = "<group>"; };
		63FE569D2780EFC90059A4BE /* Arkham Horror.app */ = {isa = PBXFileReference; explicitFileType = wrapper.application; includeInIndex = 0; path = "Arkham Horror.app"; sourceTree = BUILT_PRODUCTS_DIR; };
		63FE56A32780EFC90059A4BE /* Arkham Horror.app */ = {isa = PBXFileReference; explicitFileType = wrapper.application; includeInIndex = 0; path = "Arkham Horror.app"; sourceTree = BUILT_PRODUCTS_DIR; };
		63FE56A52780EFC90059A4BE /* macOS.entitlements */ = {isa = PBXFileReference; lastKnownFileType = text.plist.entitlements; path = macOS.entitlements; sourceTree = "<group>"; };
		63FE56AA2780EFC90059A4BE /* Tests iOS.xctest */ = {isa = PBXFileReference; explicitFileType = wrapper.cfbundle; includeInIndex = 0; path = "Tests iOS.xctest"; sourceTree = BUILT_PRODUCTS_DIR; };
		63FE56B62780EFC90059A4BE /* Tests macOS.xctest */ = {isa = PBXFileReference; explicitFileType = wrapper.cfbundle; includeInIndex = 0; path = "Tests macOS.xctest"; sourceTree = BUILT_PRODUCTS_DIR; };
/* End PBXFileReference section */

/* Begin PBXFrameworksBuildPhase section */
		63FE569A2780EFC90059A4BE /* Frameworks */ = {
			isa = PBXFrameworksBuildPhase;
			buildActionMask = 2147483647;
			files = (
			);
			runOnlyForDeploymentPostprocessing = 0;
		};
		63FE56A02780EFC90059A4BE /* Frameworks */ = {
			isa = PBXFrameworksBuildPhase;
			buildActionMask = 2147483647;
			files = (
			);
			runOnlyForDeploymentPostprocessing = 0;
		};
		63FE56A72780EFC90059A4BE /* Frameworks */ = {
			isa = PBXFrameworksBuildPhase;
			buildActionMask = 2147483647;
			files = (
			);
			runOnlyForDeploymentPostprocessing = 0;
		};
		63FE56B32780EFC90059A4BE /* Frameworks */ = {
			isa = PBXFrameworksBuildPhase;
			buildActionMask = 2147483647;
			files = (
			);
			runOnlyForDeploymentPostprocessing = 0;
		};
/* End PBXFrameworksBuildPhase section */

/* Begin PBXGroup section */
		63FE56902780EFC70059A4BE = {
			isa = PBXGroup;
			children = (
				63FE56952780EFC70059A4BE /* Shared */,
				63FE56A42780EFC90059A4BE /* macOS */,
				63FE569E2780EFC90059A4BE /* Products */,
			);
			sourceTree = "<group>";
		};
		63FE56952780EFC70059A4BE /* Shared */ = {
			isa = PBXGroup;
			children = (
				63FE56962780EFC70059A4BE /* Arkham_HorrorApp.swift */,
				63FE56982780EFC90059A4BE /* Assets.xcassets */,
			);
			path = Shared;
			sourceTree = "<group>";
		};
		63FE569E2780EFC90059A4BE /* Products */ = {
			isa = PBXGroup;
			children = (
				63FE569D2780EFC90059A4BE /* Arkham Horror.app */,
				63FE56A32780EFC90059A4BE /* Arkham Horror.app */,
				63FE56AA2780EFC90059A4BE /* Tests iOS.xctest */,
				63FE56B62780EFC90059A4BE /* Tests macOS.xctest */,
			);
			name = Products;
			sourceTree = "<group>";
		};
		63FE56A42780EFC90059A4BE /* macOS */ = {
			isa = PBXGroup;
			children = (
				63FE56A52780EFC90059A4BE /* macOS.entitlements */,
			);
			path = macOS;
			sourceTree = "<group>";
		};
/* End PBXGroup section */

/* Begin PBXNativeTarget section */
		63FE569C2780EFC90059A4BE /* Arkham Horror (iOS) */ = {
			isa = PBXNativeTarget;
			buildConfigurationList = 63FE56C62780EFC90059A4BE /* Build configuration list for PBXNativeTarget "Arkham Horror (iOS)" */;
			buildPhases = (
				63FE56992780EFC90059A4BE /* Sources */,
				63FE569A2780EFC90059A4BE /* Frameworks */,
				63FE569B2780EFC90059A4BE /* Resources */,
			);
			buildRules = (
			);
			dependencies = (
			);
			name = "Arkham Horror (iOS)";
			productName = "Arkham Horror (iOS)";
			productReference = 63FE569D2780EFC90059A4BE /* Arkham Horror.app */;
			productType = "com.apple.product-type.application";
		};
		63FE56A22780EFC90059A4BE /* Arkham Horror (macOS) */ = {
			isa = PBXNativeTarget;
			buildConfigurationList = 63FE56C92780EFC90059A4BE /* Build configuration list for PBXNativeTarget "Arkham Horror (macOS)" */;
			buildPhases = (
				63FE569F2780EFC90059A4BE /* Sources */,
				63FE56A02780EFC90059A4BE /* Frameworks */,
				63FE56A12780EFC90059A4BE /* Resources */,
			);
			buildRules = (
			);
			dependencies = (
			);
			name = "Arkham Horror (macOS)";
			productName = "Arkham Horror (macOS)";
			productReference = 63FE56A32780EFC90059A4BE /* Arkham Horror.app */;
			productType = "com.apple.product-type.application";
		};
		63FE56A92780EFC90059A4BE /* Tests iOS */ = {
			isa = PBXNativeTarget;
			buildConfigurationList = 63FE56CC2780EFC90059A4BE /* Build configuration list for PBXNativeTarget "Tests iOS" */;
			buildPhases = (
				63FE56A62780EFC90059A4BE /* Sources */,
				63FE56A72780EFC90059A4BE /* Frameworks */,
				63FE56A82780EFC90059A4BE /* Resources */,
			);
			buildRules = (
			);
			dependencies = (
				63FE56AC2780EFC90059A4BE /* PBXTargetDependency */,
			);
			name = "Tests iOS";
			productName = "Tests iOS";
			productReference = 63FE56AA2780EFC90059A4BE /* Tests iOS.xctest */;
			productType = "com.apple.product-type.bundle.ui-testing";
		};
		63FE56B52780EFC90059A4BE /* Tests macOS */ = {
			isa = PBXNativeTarget;
			buildConfigurationList = 63FE56CF2780EFC90059A4BE /* Build configuration list for PBXNativeTarget "Tests macOS" */;
			buildPhases = (
				63FE56B22780EFC90059A4BE /* Sources */,
				63FE56B32780EFC90059A4BE /* Frameworks */,
				63FE56B42780EFC90059A4BE /* Resources */,
			);
			buildRules = (
			);
			dependencies = (
				63FE56B82780EFC90059A4BE /* PBXTargetDependency */,
			);
			name = "Tests macOS";
			productName = "Tests macOS";
			productReference = 63FE56B62780EFC90059A4BE /* Tests macOS.xctest */;
			productType = "com.apple.product-type.bundle.ui-testing";
		};
/* End PBXNativeTarget section */

/* Begin PBXProject section */
		63FE56912780EFC70059A4BE /* Project object */ = {
			isa = PBXProject;
			attributes = {
				BuildIndependentTargetsInParallel = 1;
				LastSwiftUpdateCheck = 1320;
				LastUpgradeCheck = 1320;
				TargetAttributes = {
					63FE569C2780EFC90059A4BE = {
						CreatedOnToolsVersion = 13.2;
					};
					63FE56A22780EFC90059A4BE = {
						CreatedOnToolsVersion = 13.2;
					};
					63FE56A92780EFC90059A4BE = {
						CreatedOnToolsVersion = 13.2;
						TestTargetID = 63FE569C2780EFC90059A4BE;
					};
					63FE56B52780EFC90059A4BE = {
						CreatedOnToolsVersion = 13.2;
						TestTargetID = 63FE56A22780EFC90059A4BE;
					};
				};
			};
			buildConfigurationList = 63FE56942780EFC70059A4BE /* Build configuration list for PBXProject "Arkham Horror" */;
			compatibilityVersion = "Xcode 13.0";
			developmentRegion = en;
			hasScannedForEncodings = 0;
			knownRegions = (
				en,
				Base,
			);
			mainGroup = 63FE56902780EFC70059A4BE;
			productRefGroup = 63FE569E2780EFC90059A4BE /* Products */;
			projectDirPath = "";
			projectRoot = "";
			targets = (
				63FE569C2780EFC90059A4BE /* Arkham Horror (iOS) */,
				63FE56A22780EFC90059A4BE /* Arkham Horror (macOS) */,
				63FE56A92780EFC90059A4BE /* Tests iOS */,
				63FE56B52780EFC90059A4BE /* Tests macOS */,
			);
		};
/* End PBXProject section */

/* Begin PBXResourcesBuildPhase section */
		63FE569B2780EFC90059A4BE /* Resources */ = {
			isa = PBXResourcesBuildPhase;
			buildActionMask = 2147483647;
			files = (
				63FE56C22780EFC90059A4BE /* Assets.xcassets in Resources */,
			);
			runOnlyForDeploymentPostprocessing = 0;
		};
		63FE56A12780EFC90059A4BE /* Resources */ = {
			isa = PBXResourcesBuildPhase;
			buildActionMask = 2147483647;
			files = (
				63FE56C32780EFC90059A4BE /* Assets.xcassets in Resources */,
			);
			runOnlyForDeploymentPostprocessing = 0;
		};
		63FE56A82780EFC90059A4BE /* Resources */ = {
			isa = PBXResourcesBuildPhase;
			buildActionMask = 2147483647;
			files = (
			);
			runOnlyForDeploymentPostprocessing = 0;
		};
		63FE56B42780EFC90059A4BE /* Resources */ = {
			isa = PBXResourcesBuildPhase;
			buildActionMask = 2147483647;
			files = (
			);
			runOnlyForDeploymentPostprocessing = 0;
		};
/* End PBXResourcesBuildPhase section */

/* Begin PBXSourcesBuildPhase section */
		63FE56992780EFC90059A4BE /* Sources */ = {
			isa = PBXSourcesBuildPhase;
			buildActionMask = 2147483647;
			files = (
				63FE56BE2780EFC90059A4BE /* Arkham_HorrorApp.swift in Sources */,
			);
			runOnlyForDeploymentPostprocessing = 0;
		};
		63FE569F2780EFC90059A4BE /* Sources */ = {
			isa = PBXSourcesBuildPhase;
			buildActionMask = 2147483647;
			files = (
				63FE56BF2780EFC90059A4BE /* Arkham_HorrorApp.swift in Sources */,
			);
			runOnlyForDeploymentPostprocessing = 0;
		};
		63FE56A62780EFC90059A4BE /* Sources */ = {
			isa = PBXSourcesBuildPhase;
			buildActionMask = 2147483647;
			files = (
			);
			runOnlyForDeploymentPostprocessing = 0;
		};
		63FE56B22780EFC90059A4BE /* Sources */ = {
			isa = PBXSourcesBuildPhase;
			buildActionMask = 2147483647;
			files = (
			);
			runOnlyForDeploymentPostprocessing = 0;
		};
/* End PBXSourcesBuildPhase section */

/* Begin PBXTargetDependency section */
		63FE56AC2780EFC90059A4BE /* PBXTargetDependency */ = {
			isa = PBXTargetDependency;
			target = 63FE569C2780EFC90059A4BE /* Arkham Horror (iOS) */;
			targetProxy = 63FE56AB2780EFC90059A4BE /* PBXContainerItemProxy */;
		};
		63FE56B82780EFC90059A4BE /* PBXTargetDependency */ = {
			isa = PBXTargetDependency;
			target = 63FE56A22780EFC90059A4BE /* Arkham Horror (macOS) */;
			targetProxy = 63FE56B72780EFC90059A4BE /* PBXContainerItemProxy */;
		};
/* End PBXTargetDependency section */

/* Begin XCBuildConfiguration section */
		63FE56C42780EFC90059A4BE /* Debug */ = {
			isa = XCBuildConfiguration;
			buildSettings = {
				ALWAYS_SEARCH_USER_PATHS = NO;
				CLANG_ANALYZER_NONNULL = YES;
				CLANG_ANALYZER_NUMBER_OBJECT_CONVERSION = YES_AGGRESSIVE;
				CLANG_CXX_LANGUAGE_STANDARD = "gnu++17";
				CLANG_CXX_LIBRARY = "libc++";
				CLANG_ENABLE_MODULES = YES;
				CLANG_ENABLE_OBJC_ARC = YES;
				CLANG_ENABLE_OBJC_WEAK = YES;
				CLANG_WARN_BLOCK_CAPTURE_AUTORELEASING = YES;
				CLANG_WARN_BOOL_CONVERSION = YES;
				CLANG_WARN_COMMA = YES;
				CLANG_WARN_CONSTANT_CONVERSION = YES;
				CLANG_WARN_DEPRECATED_OBJC_IMPLEMENTATIONS = YES;
				CLANG_WARN_DIRECT_OBJC_ISA_USAGE = YES_ERROR;
				CLANG_WARN_DOCUMENTATION_COMMENTS = YES;
				CLANG_WARN_EMPTY_BODY = YES;
				CLANG_WARN_ENUM_CONVERSION = YES;
				CLANG_WARN_INFINITE_RECURSION = YES;
				CLANG_WARN_INT_CONVERSION = YES;
				CLANG_WARN_NON_LITERAL_NULL_CONVERSION = YES;
				CLANG_WARN_OBJC_IMPLICIT_RETAIN_SELF = YES;
				CLANG_WARN_OBJC_LITERAL_CONVERSION = YES;
				CLANG_WARN_OBJC_ROOT_CLASS = YES_ERROR;
				CLANG_WARN_QUOTED_INCLUDE_IN_FRAMEWORK_HEADER = YES;
				CLANG_WARN_RANGE_LOOP_ANALYSIS = YES;
				CLANG_WARN_STRICT_PROTOTYPES = YES;
				CLANG_WARN_SUSPICIOUS_MOVE = YES;
				CLANG_WARN_UNGUARDED_AVAILABILITY = YES_AGGRESSIVE;
				CLANG_WARN_UNREACHABLE_CODE = YES;
				CLANG_WARN__DUPLICATE_METHOD_MATCH = YES;
				COPY_PHASE_STRIP = NO;
				DEBUG_INFORMATION_FORMAT = dwarf;
				ENABLE_STRICT_OBJC_MSGSEND = YES;
				ENABLE_TESTABILITY = YES;
				GCC_C_LANGUAGE_STANDARD = gnu11;
				GCC_DYNAMIC_NO_PIC = NO;
				GCC_NO_COMMON_BLOCKS = YES;
				GCC_OPTIMIZATION_LEVEL = 0;
				GCC_PREPROCESSOR_DEFINITIONS = (
					"DEBUG=1",
					"$(inherited)",
				);
				GCC_WARN_64_TO_32_BIT_CONVERSION = YES;
				GCC_WARN_ABOUT_RETURN_TYPE = YES_ERROR;
				GCC_WARN_UNDECLARED_SELECTOR = YES;
				GCC_WARN_UNINITIALIZED_AUTOS = YES_AGGRESSIVE;
				GCC_WARN_UNUSED_FUNCTION = YES;
				GCC_WARN_UNUSED_VARIABLE = YES;
				MTL_ENABLE_DEBUG_INFO = INCLUDE_SOURCE;
				MTL_FAST_MATH = YES;
				ONLY_ACTIVE_ARCH = YES;
				SWIFT_ACTIVE_COMPILATION_CONDITIONS = DEBUG;
				SWIFT_OPTIMIZATION_LEVEL = "-Onone";
			};
			name = Debug;
		};
		63FE56C52780EFC90059A4BE /* Release */ = {
			isa = XCBuildConfiguration;
			buildSettings = {
				ALWAYS_SEARCH_USER_PATHS = NO;
				CLANG_ANALYZER_NONNULL = YES;
				CLANG_ANALYZER_NUMBER_OBJECT_CONVERSION = YES_AGGRESSIVE;
				CLANG_CXX_LANGUAGE_STANDARD = "gnu++17";
				CLANG_CXX_LIBRARY = "libc++";
				CLANG_ENABLE_MODULES = YES;
				CLANG_ENABLE_OBJC_ARC = YES;
				CLANG_ENABLE_OBJC_WEAK = YES;
				CLANG_WARN_BLOCK_CAPTURE_AUTORELEASING = YES;
				CLANG_WARN_BOOL_CONVERSION = YES;
				CLANG_WARN_COMMA = YES;
				CLANG_WARN_CONSTANT_CONVERSION = YES;
				CLANG_WARN_DEPRECATED_OBJC_IMPLEMENTATIONS = YES;
				CLANG_WARN_DIRECT_OBJC_ISA_USAGE = YES_ERROR;
				CLANG_WARN_DOCUMENTATION_COMMENTS = YES;
				CLANG_WARN_EMPTY_BODY = YES;
				CLANG_WARN_ENUM_CONVERSION = YES;
				CLANG_WARN_INFINITE_RECURSION = YES;
				CLANG_WARN_INT_CONVERSION = YES;
				CLANG_WARN_NON_LITERAL_NULL_CONVERSION = YES;
				CLANG_WARN_OBJC_IMPLICIT_RETAIN_SELF = YES;
				CLANG_WARN_OBJC_LITERAL_CONVERSION = YES;
				CLANG_WARN_OBJC_ROOT_CLASS = YES_ERROR;
				CLANG_WARN_QUOTED_INCLUDE_IN_FRAMEWORK_HEADER = YES;
				CLANG_WARN_RANGE_LOOP_ANALYSIS = YES;
				CLANG_WARN_STRICT_PROTOTYPES = YES;
				CLANG_WARN_SUSPICIOUS_MOVE = YES;
				CLANG_WARN_UNGUARDED_AVAILABILITY = YES_AGGRESSIVE;
				CLANG_WARN_UNREACHABLE_CODE = YES;
				CLANG_WARN__DUPLICATE_METHOD_MATCH = YES;
				COPY_PHASE_STRIP = NO;
				DEBUG_INFORMATION_FORMAT = "dwarf-with-dsym";
				ENABLE_NS_ASSERTIONS = NO;
				ENABLE_STRICT_OBJC_MSGSEND = YES;
				GCC_C_LANGUAGE_STANDARD = gnu11;
				GCC_NO_COMMON_BLOCKS = YES;
				GCC_WARN_64_TO_32_BIT_CONVERSION = YES;
				GCC_WARN_ABOUT_RETURN_TYPE = YES_ERROR;
				GCC_WARN_UNDECLARED_SELECTOR = YES;
				GCC_WARN_UNINITIALIZED_AUTOS = YES_AGGRESSIVE;
				GCC_WARN_UNUSED_FUNCTION = YES;
				GCC_WARN_UNUSED_VARIABLE = YES;
				MTL_ENABLE_DEBUG_INFO = NO;
				MTL_FAST_MATH = YES;
				SWIFT_COMPILATION_MODE = wholemodule;
				SWIFT_OPTIMIZATION_LEVEL = "-O";
			};
			name = Release;
		};
		63FE56C72780EFC90059A4BE /* Debug */ = {
			isa = XCBuildConfiguration;
			buildSettings = {
				ASSETCATALOG_COMPILER_APPICON_NAME = AppIcon;
				ASSETCATALOG_COMPILER_GLOBAL_ACCENT_COLOR_NAME = AccentColor;
				CODE_SIGN_STYLE = Automatic;
				CURRENT_PROJECT_VERSION = 1;
				ENABLE_PREVIEWS = YES;
				GENERATE_INFOPLIST_FILE = YES;
				INFOPLIST_KEY_UIApplicationSceneManifest_Generation = YES;
				INFOPLIST_KEY_UIApplicationSupportsIndirectInputEvents = YES;
				INFOPLIST_KEY_UILaunchScreen_Generation = YES;
				INFOPLIST_KEY_UISupportedInterfaceOrientations_iPad = "UIInterfaceOrientationPortrait UIInterfaceOrientationPortraitUpsideDown UIInterfaceOrientationLandscapeLeft UIInterfaceOrientationLandscapeRight";
				INFOPLIST_KEY_UISupportedInterfaceOrientations_iPhone = "UIInterfaceOrientationPortrait UIInterfaceOrientationLandscapeLeft UIInterfaceOrientationLandscapeRight";
				IPHONEOS_DEPLOYMENT_TARGET = 15.2;
				LD_RUNPATH_SEARCH_PATHS = (
					"$(inherited)",
					"@executable_path/Frameworks",
				);
				MARKETING_VERSION = 1.0;
				PRODUCT_BUNDLE_IDENTIFIER = "me.shedward.Arkham-Horror";
				PRODUCT_NAME = "Arkham Horror";
				SDKROOT = iphoneos;
				SWIFT_EMIT_LOC_STRINGS = YES;
				SWIFT_VERSION = 5.0;
				TARGETED_DEVICE_FAMILY = "1,2";
			};
			name = Debug;
		};
		63FE56C82780EFC90059A4BE /* Release */ = {
			isa = XCBuildConfiguration;
			buildSettings = {
				ASSETCATALOG_COMPILER_APPICON_NAME = AppIcon;
				ASSETCATALOG_COMPILER_GLOBAL_ACCENT_COLOR_NAME = AccentColor;
				CODE_SIGN_STYLE = Automatic;
				CURRENT_PROJECT_VERSION = 1;
				ENABLE_PREVIEWS = YES;
				GENERATE_INFOPLIST_FILE = YES;
				INFOPLIST_KEY_UIApplicationSceneManifest_Generation = YES;
				INFOPLIST_KEY_UIApplicationSupportsIndirectInputEvents = YES;
				INFOPLIST_KEY_UILaunchScreen_Generation = YES;
				INFOPLIST_KEY_UISupportedInterfaceOrientations_iPad = "UIInterfaceOrientationPortrait UIInterfaceOrientationPortraitUpsideDown UIInterfaceOrientationLandscapeLeft UIInterfaceOrientationLandscapeRight";
				INFOPLIST_KEY_UISupportedInterfaceOrientations_iPhone = "UIInterfaceOrientationPortrait UIInterfaceOrientationLandscapeLeft UIInterfaceOrientationLandscapeRight";
				IPHONEOS_DEPLOYMENT_TARGET = 15.2;
				LD_RUNPATH_SEARCH_PATHS = (
					"$(inherited)",
					"@executable_path/Frameworks",
				);
				MARKETING_VERSION = 1.0;
				PRODUCT_BUNDLE_IDENTIFIER = "me.shedward.Arkham-Horror";
				PRODUCT_NAME = "Arkham Horror";
				SDKROOT = iphoneos;
				SWIFT_EMIT_LOC_STRINGS = YES;
				SWIFT_VERSION = 5.0;
				TARGETED_DEVICE_FAMILY = "1,2";
				VALIDATE_PRODUCT = YES;
			};
			name = Release;
		};
		63FE56CA2780EFC90059A4BE /* Debug */ = {
			isa = XCBuildConfiguration;
			buildSettings = {
				ASSETCATALOG_COMPILER_APPICON_NAME = AppIcon;
				ASSETCATALOG_COMPILER_GLOBAL_ACCENT_COLOR_NAME = AccentColor;
				CODE_SIGN_ENTITLEMENTS = macOS/macOS.entitlements;
				CODE_SIGN_STYLE = Automatic;
				COMBINE_HIDPI_IMAGES = YES;
				CURRENT_PROJECT_VERSION = 1;
				ENABLE_PREVIEWS = YES;
				GENERATE_INFOPLIST_FILE = YES;
				INFOPLIST_KEY_NSHumanReadableCopyright = "";
				LD_RUNPATH_SEARCH_PATHS = (
					"$(inherited)",
					"@executable_path/../Frameworks",
				);
				MACOSX_DEPLOYMENT_TARGET = 12.1;
				MARKETING_VERSION = 1.0;
				PRODUCT_BUNDLE_IDENTIFIER = "me.shedward.Arkham-Horror";
				PRODUCT_NAME = "Arkham Horror";
				SDKROOT = macosx;
				SWIFT_EMIT_LOC_STRINGS = YES;
				SWIFT_VERSION = 5.0;
			};
			name = Debug;
		};
		63FE56CB2780EFC90059A4BE /* Release */ = {
			isa = XCBuildConfiguration;
			buildSettings = {
				ASSETCATALOG_COMPILER_APPICON_NAME = AppIcon;
				ASSETCATALOG_COMPILER_GLOBAL_ACCENT_COLOR_NAME = AccentColor;
				CODE_SIGN_ENTITLEMENTS = macOS/macOS.entitlements;
				CODE_SIGN_STYLE = Automatic;
				COMBINE_HIDPI_IMAGES = YES;
				CURRENT_PROJECT_VERSION = 1;
				ENABLE_PREVIEWS = YES;
				GENERATE_INFOPLIST_FILE = YES;
				INFOPLIST_KEY_NSHumanReadableCopyright = "";
				LD_RUNPATH_SEARCH_PATHS = (
					"$(inherited)",
					"@executable_path/../Frameworks",
				);
				MACOSX_DEPLOYMENT_TARGET = 12.1;
				MARKETING_VERSION = 1.0;
				PRODUCT_BUNDLE_IDENTIFIER = "me.shedward.Arkham-Horror";
				PRODUCT_NAME = "Arkham Horror";
				SDKROOT = macosx;
				SWIFT_EMIT_LOC_STRINGS = YES;
				SWIFT_VERSION = 5.0;
			};
			name = Release;
		};
		63FE56CD2780EFC90059A4BE /* Debug */ = {
			isa = XCBuildConfiguration;
			buildSettings = {
				ALWAYS_EMBED_SWIFT_STANDARD_LIBRARIES = YES;
				CODE_SIGN_STYLE = Automatic;
				CURRENT_PROJECT_VERSION = 1;
				GENERATE_INFOPLIST_FILE = YES;
				IPHONEOS_DEPLOYMENT_TARGET = 15.2;
				MARKETING_VERSION = 1.0;
				PRODUCT_BUNDLE_IDENTIFIER = "me.shedward.Tests-iOS";
				PRODUCT_NAME = "$(TARGET_NAME)";
				SDKROOT = iphoneos;
				SWIFT_EMIT_LOC_STRINGS = NO;
				SWIFT_VERSION = 5.0;
				TARGETED_DEVICE_FAMILY = "1,2";
				TEST_TARGET_NAME = "Arkham Horror (iOS)";
			};
			name = Debug;
		};
		63FE56CE2780EFC90059A4BE /* Release */ = {
			isa = XCBuildConfiguration;
			buildSettings = {
				ALWAYS_EMBED_SWIFT_STANDARD_LIBRARIES = YES;
				CODE_SIGN_STYLE = Automatic;
				CURRENT_PROJECT_VERSION = 1;
				GENERATE_INFOPLIST_FILE = YES;
				IPHONEOS_DEPLOYMENT_TARGET = 15.2;
				MARKETING_VERSION = 1.0;
				PRODUCT_BUNDLE_IDENTIFIER = "me.shedward.Tests-iOS";
				PRODUCT_NAME = "$(TARGET_NAME)";
				SDKROOT = iphoneos;
				SWIFT_EMIT_LOC_STRINGS = NO;
				SWIFT_VERSION = 5.0;
				TARGETED_DEVICE_FAMILY = "1,2";
				TEST_TARGET_NAME = "Arkham Horror (iOS)";
				VALIDATE_PRODUCT = YES;
			};
			name = Release;
		};
		63FE56D02780EFC90059A4BE /* Debug */ = {
			isa = XCBuildConfiguration;
			buildSettings = {
				ALWAYS_EMBED_SWIFT_STANDARD_LIBRARIES = YES;
				CODE_SIGN_STYLE = Automatic;
				CURRENT_PROJECT_VERSION = 1;
				GENERATE_INFOPLIST_FILE = YES;
				MACOSX_DEPLOYMENT_TARGET = 12.1;
				MARKETING_VERSION = 1.0;
				PRODUCT_BUNDLE_IDENTIFIER = "me.shedward.Tests-macOS";
				PRODUCT_NAME = "$(TARGET_NAME)";
				SDKROOT = macosx;
				SWIFT_EMIT_LOC_STRINGS = NO;
				SWIFT_VERSION = 5.0;
				TEST_TARGET_NAME = "Arkham Horror (macOS)";
			};
			name = Debug;
		};
		63FE56D12780EFC90059A4BE /* Release */ = {
			isa = XCBuildConfiguration;
			buildSettings = {
				ALWAYS_EMBED_SWIFT_STANDARD_LIBRARIES = YES;
				CODE_SIGN_STYLE = Automatic;
				CURRENT_PROJECT_VERSION = 1;
				GENERATE_INFOPLIST_FILE = YES;
				MACOSX_DEPLOYMENT_TARGET = 12.1;
				MARKETING_VERSION = 1.0;
				PRODUCT_BUNDLE_IDENTIFIER = "me.shedward.Tests-macOS";
				PRODUCT_NAME = "$(TARGET_NAME)";
				SDKROOT = macosx;
				SWIFT_EMIT_LOC_STRINGS = NO;
				SWIFT_VERSION = 5.0;
				TEST_TARGET_NAME = "Arkham Horror (macOS)";
			};
			name = Release;
		};
/* End XCBuildConfiguration section */

/* Begin XCConfigurationList section */
		63FE56942780EFC70059A4BE /* Build configuration list for PBXProject "Arkham Horror" */ = {
			isa = XCConfigurationList;
			buildConfigurations = (
				63FE56C42780EFC90059A4BE /* Debug */,
				63FE56C52780EFC90059A4BE /* Release */,
			);
			defaultConfigurationIsVisible = 0;
			defaultConfigurationName = Release;
		};
		63FE56C62780EFC90059A4BE /* Build configuration list for PBXNativeTarget "Arkham Horror (iOS)" */ = {
			isa = XCConfigurationList;
			buildConfigurations = (
				63FE56C72780EFC90059A4BE /* Debug */,
				63FE56C82780EFC90059A4BE /* Release */,
			);
			defaultConfigurationIsVisible = 0;
			defaultConfigurationName = Release;
		};
		63FE56C92780EFC90059A4BE /* Build configuration list for PBXNativeTarget "Arkham Horror (macOS)" */ = {
			isa = XCConfigurationList;
			buildConfigurations = (
				63FE56CA2780EFC90059A4BE /* Debug */,
				63FE56CB2780EFC90059A4BE /* Release */,
			);
			defaultConfigurationIsVisible = 0;
			defaultConfigurationName = Release;
		};
		63FE56CC2780EFC90059A4BE /* Build configuration list for PBXNativeTarget "Tests iOS" */ = {
			isa = XCConfigurationList;
			buildConfigurations = (
				63FE56CD2780EFC90059A4BE /* Debug */,
				63FE56CE2780EFC90059A4BE /* Release */,
			);
			defaultConfigurationIsVisible = 0;
			defaultConfigurationName = Release;
		};
		63FE56CF2780EFC90059A4BE /* Build configuration list for PBXNativeTarget "Tests macOS" */ = {
			isa = XCConfigurationList;
			buildConfigurations = (
				63FE56D02780EFC90059A4BE /* Debug */,
				63FE56D12780EFC90059A4BE /* Release */,
			);
			defaultConfigurationIsVisible = 0;
			defaultConfigurationName = Release;
		};
/* End XCConfigurationList section */
	};
	rootObject = 63FE56912780EFC70059A4BE /* Project object */;
}
