{
  "object": {
    "pins": [
      {
        "package": "HSLuvSwift",
        "repositoryURL": "https://github.com/hsluv/hsluv-swift.git",
        "state": {
          "branch": null,
          "revision": "9dee4378180f2a9a33c96bc20284cf64158dbe1b",
          "version": "2.1.0"
        }
      },
      {
        "package": "Yams",
        "repositoryURL": "https://github.com/jpsim/Yams.git",
        "state": {
          "branch": null,
          "revision": "01835dc202670b5bb90d07f3eae41867e9ed29f6",
          "version": "5.0.1"
        }
      }
    ]
  },
  "version": 1
}
